<?xml version="1.0" encoding="utf-8"?>
<Project ToolsVersion="4.0" xmlns="http://schemas.microsoft.com/developer/msbuild/2003">
  <ItemGroup>
    <Filter Include="3rdparty">
      <UniqueIdentifier>{6ef51fd9-2dbe-458d-8d65-7695c9b09562}</UniqueIdentifier>
    </Filter>
    <Filter Include="3rdparty\TinyXML">
      <UniqueIdentifier>{515652ff-9415-4a8c-98cf-390ec0ef77aa}</UniqueIdentifier>
    </Filter>
    <Filter Include="ElasticSystem">
      <UniqueIdentifier>{27fdbb91-c438-487c-9efa-88945abc2026}</UniqueIdentifier>
    </Filter>
    <Filter Include="Maths">
      <UniqueIdentifier>{be367c60-14eb-47ba-b3c8-ebfea99a03de}</UniqueIdentifier>
    </Filter>
    <Filter Include="VolumeMethod">
      <UniqueIdentifier>{58c2ff28-fdaf-4154-a64a-e90ccd832571}</UniqueIdentifier>
    </Filter>
    <Filter Include="Network">
      <UniqueIdentifier>{f9a857a8-fe29-457d-84d9-93b2b20f4ece}</UniqueIdentifier>
    </Filter>
    <Filter Include="DifferentialSolvers">
      <UniqueIdentifier>{9b83bfcd-61bc-403c-af2c-307d43345e50}</UniqueIdentifier>
    </Filter>
    <Filter Include="DifferentialSolvers\Solvers">
      <UniqueIdentifier>{f22cbfb0-bc03-42aa-b39f-bae37a082686}</UniqueIdentifier>
    </Filter>
    <Filter Include="VolumeMethod\Spaces">
      <UniqueIdentifier>{483a67f7-bd7d-41d0-818a-9ae3141962b5}</UniqueIdentifier>
    </Filter>
    <Filter Include="NonlinearSolvers">
      <UniqueIdentifier>{49f8096d-0dd3-46eb-a32b-affcdb590578}</UniqueIdentifier>
    </Filter>
    <Filter Include="NonlinearSolvers\Solvers">
      <UniqueIdentifier>{3d50d446-dccc-40c2-82b4-b74cf92dd00a}</UniqueIdentifier>
    </Filter>
    <Filter Include="VolumeMethod\VolumeMesh">
      <UniqueIdentifier>{6fbf724e-7b79-4e51-bb72-5cec2e373b8d}</UniqueIdentifier>
    </Filter>
    <Filter Include="ElasticVolumeMesh">
      <UniqueIdentifier>{c24c2e2f-617e-4587-a2a1-ec751d77f706}</UniqueIdentifier>
    </Filter>
    <Filter Include="ElasticVolumeMesh\Distributed">
      <UniqueIdentifier>{d036e148-2f79-4e40-9ce0-eaf10fcb0674}</UniqueIdentifier>
    </Filter>
    <Filter Include="ElasticVolumeMesh\Local">
      <UniqueIdentifier>{962787db-1682-4a0c-b616-21563bbf4404}</UniqueIdentifier>
    </Filter>
    <Filter Include="Task">
      <UniqueIdentifier>{e6f84cd9-8e1b-4813-8d94-fac806d3ea6a}</UniqueIdentifier>
    </Filter>
    <Filter Include="Task\SettingsParser">
      <UniqueIdentifier>{494876a1-f272-4468-bdae-ca744e461ced}</UniqueIdentifier>
    </Filter>
    <Filter Include="GeomMesh">
      <UniqueIdentifier>{1c70924c-a32c-40a2-9018-220b9e97e1b9}</UniqueIdentifier>
    </Filter>
    <Filter Include="GeomMesh\GeomMesh">
      <UniqueIdentifier>{de99e4e5-b75d-4882-9800-aa8ae3342e8f}</UniqueIdentifier>
    </Filter>
    <Filter Include="Utils">
      <UniqueIdentifier>{afb1874a-ab58-4b94-9589-26287037093e}</UniqueIdentifier>
    </Filter>
    <Filter Include="VolumeMethod\FunctionGetters">
      <UniqueIdentifier>{3a5778c1-32d3-440f-9d89-fc0c24ae578a}</UniqueIdentifier>
    </Filter>
    <Filter Include="3rdparty\QuadratureIntegration">
      <UniqueIdentifier>{c2f6de08-7374-458c-bc62-aa64d3766466}</UniqueIdentifier>
    </Filter>
    <Filter Include="IO">
      <UniqueIdentifier>{dd51f05f-975a-4c83-9f13-1031d320ea36}</UniqueIdentifier>
    </Filter>
    <Filter Include="IO\Vtk">
      <UniqueIdentifier>{e296634b-928b-48c3-893b-1e445ded4d52}</UniqueIdentifier>
    </Filter>
    <Filter Include="3rdparty\Segy">
      <UniqueIdentifier>{32a61acc-5444-4f6e-8270-bc6a26aa8f9f}</UniqueIdentifier>
    </Filter>
    <Filter Include="GeomMesh\MeshIO">
      <UniqueIdentifier>{d91c64cf-2aeb-496b-8865-5c56033e475b}</UniqueIdentifier>
    </Filter>
    <Filter Include="GeomMesh\MeshIO\Local">
      <UniqueIdentifier>{4cc9371d-42fd-4f28-8f89-95ef146e5776}</UniqueIdentifier>
    </Filter>
    <Filter Include="GeomMesh\MeshIO\Distributed">
      <UniqueIdentifier>{41376e82-9cae-4bad-9858-fd48dbc69a7b}</UniqueIdentifier>
    </Filter>
  </ItemGroup>
  <ItemGroup>
    <ClCompile Include="..\..\3rdparty\tinyxml\tinystr.cpp">
      <Filter>3rdparty\TinyXML</Filter>
    </ClCompile>
    <ClCompile Include="..\..\3rdparty\tinyxml\tinyxml.cpp">
      <Filter>3rdparty\TinyXML</Filter>
    </ClCompile>
    <ClCompile Include="..\..\3rdparty\tinyxml\tinyxmlerror.cpp">
      <Filter>3rdparty\TinyXML</Filter>
    </ClCompile>
    <ClCompile Include="..\..\3rdparty\tinyxml\tinyxmlparser.cpp">
      <Filter>3rdparty\TinyXML</Filter>
    </ClCompile>
    <ClCompile Include="..\..\src\Network\NetworkInterface.cpp">
      <Filter>Network</Filter>
    </ClCompile>
    <ClCompile Include="..\..\src\Task\Task\Task.cpp">
      <Filter>Task</Filter>
    </ClCompile>
    <ClCompile Include="..\..\3rdparty\quadrature_integration\triangle_fekete_rule.cpp">
      <Filter>3rdparty\QuadratureIntegration</Filter>
    </ClCompile>
    <ClCompile Include="..\..\3rdparty\quadrature_integration\tetrahedron_arbq_rule.cpp">
      <Filter>3rdparty\QuadratureIntegration</Filter>
    </ClCompile>
  </ItemGroup>
  <ItemGroup>
    <ClInclude Include="..\..\3rdparty\tinyxml\tinystr.h">
      <Filter>3rdparty\TinyXML</Filter>
    </ClInclude>
    <ClInclude Include="..\..\3rdparty\tinyxml\tinyxml.h">
      <Filter>3rdparty\TinyXML</Filter>
    </ClInclude>
    <ClInclude Include="..\..\src\Maths\AABB2.h">
      <Filter>Maths</Filter>
    </ClInclude>
    <ClInclude Include="..\..\src\Maths\AABB3.h">
      <Filter>Maths</Filter>
    </ClInclude>
    <ClInclude Include="..\..\src\Maths\Coordinates2.h">
      <Filter>Maths</Filter>
    </ClInclude>
    <ClInclude Include="..\..\src\Maths\Coordinates3.h">
      <Filter>Maths</Filter>
    </ClInclude>
    <ClInclude Include="..\..\src\Maths\Matrix2x2.h">
      <Filter>Maths</Filter>
    </ClInclude>
    <ClInclude Include="..\..\src\Maths\Matrix3x3.h">
      <Filter>Maths</Filter>
    </ClInclude>
    <ClInclude Include="..\..\src\Maths\MatrixInv.h">
      <Filter>Maths</Filter>
    </ClInclude>
    <ClInclude Include="..\..\src\Maths\MatrixMaths.h">
      <Filter>Maths</Filter>
    </ClInclude>
    <ClInclude Include="..\..\src\Maths\NonlinearSolvers.h">
      <Filter>Maths</Filter>
    </ClInclude>
    <ClInclude Include="..\..\src\Maths\Polynomial.h">
      <Filter>Maths</Filter>
    </ClInclude>
    <ClInclude Include="..\..\src\Maths\Random.h">
      <Filter>Maths</Filter>
    </ClInclude>
    <ClInclude Include="..\..\src\Maths\Tensor2.h">
      <Filter>Maths</Filter>
    </ClInclude>
    <ClInclude Include="..\..\src\Maths\Tensor3.h">
      <Filter>Maths</Filter>
    </ClInclude>
    <ClInclude Include="..\..\src\Maths\Util.h">
      <Filter>Maths</Filter>
    </ClInclude>
    <ClInclude Include="..\..\src\Maths\Vector2.h">
      <Filter>Maths</Filter>
    </ClInclude>
    <ClInclude Include="..\..\src\Maths\Vector3.h">
      <Filter>Maths</Filter>
    </ClInclude>
    <ClInclude Include="..\..\src\Maths\VectorMaths.h">
      <Filter>Maths</Filter>
    </ClInclude>
    <ClInclude Include="..\..\src\Network\NetworkInterface.h">
      <Filter>Network</Filter>
    </ClInclude>
    <ClInclude Include="..\..\src\DifferentialSolvers\DifferentialSolver.h">
      <Filter>DifferentialSolvers</Filter>
    </ClInclude>
    <ClInclude Include="..\..\src\DifferentialSolvers\DifferentialSystem.h">
      <Filter>DifferentialSolvers</Filter>
    </ClInclude>
    <ClInclude Include="..\..\src\DifferentialSolvers\Solvers\DormandPrinceSolver.h">
      <Filter>DifferentialSolvers\Solvers</Filter>
    </ClInclude>
    <ClInclude Include="..\..\src\DifferentialSolvers\Solvers\EulerSolver.h">
      <Filter>DifferentialSolvers\Solvers</Filter>
    </ClInclude>
    <ClInclude Include="..\..\src\DifferentialSolvers\Solvers\RungeSolver8_10.h">
      <Filter>DifferentialSolvers\Solvers</Filter>
    </ClInclude>
    <ClInclude Include="..\..\src\DifferentialSolvers\Solvers\RungeSolver12_14.h">
      <Filter>DifferentialSolvers\Solvers</Filter>
    </ClInclude>
    <ClInclude Include="..\..\src\DifferentialSolvers\SolverState.h">
      <Filter>DifferentialSolvers</Filter>
    </ClInclude>
    <ClInclude Include="..\..\src\DifferentialSolvers\SolversFactory.h">
      <Filter>DifferentialSolvers</Filter>
    </ClInclude>
    <ClInclude Include="..\..\src\NonlinearSolvers\Solvers\KrylovProjector.h">
      <Filter>NonlinearSolvers\Solvers</Filter>
    </ClInclude>
    <ClInclude Include="..\..\src\NonlinearSolvers\Solvers\SimpleIterations.h">
      <Filter>NonlinearSolvers\Solvers</Filter>
    </ClInclude>
    <ClInclude Include="..\..\src\NonlinearSolvers\NonlinearFunctionSystem.h">
      <Filter>NonlinearSolvers</Filter>
    </ClInclude>
    <ClInclude Include="..\..\src\NonlinearSolvers\NonlinearSystemSolver.h">
      <Filter>NonlinearSolvers</Filter>
    </ClInclude>
    <ClInclude Include="..\..\src\DifferentialSolvers\Solvers\TrapezoidSolver.h">
      <Filter>DifferentialSolvers\Solvers</Filter>
    </ClInclude>
    <ClInclude Include="..\..\src\Maths\Spaces.h">
      <Filter>Maths</Filter>
    </ClInclude>
    <ClInclude Include="..\..\src\Maths\timer.h">
      <Filter>Maths</Filter>
    </ClInclude>
    <ClInclude Include="..\..\src\Task\ElasticSystem\BoundaryInfos.h">
      <Filter>ElasticSystem</Filter>
    </ClInclude>
    <ClInclude Include="..\..\src\Task\ElasticSystem\ContactInfos.h">
      <Filter>ElasticSystem</Filter>
    </ClInclude>
    <ClInclude Include="..\..\src\Task\ElasticSystem\ElasticSystem.h">
      <Filter>ElasticSystem</Filter>
    </ClInclude>
    <ClInclude Include="..\..\src\Task\ElasticSystem\ElasticSystemCommon.h">
      <Filter>ElasticSystem</Filter>
    </ClInclude>
    <ClInclude Include="..\..\src\Task\ElasticSystem\IniStates.h">
      <Filter>ElasticSystem</Filter>
    </ClInclude>
    <ClInclude Include="..\..\src\Task\ElasticSystem\SourceFunctors.h">
      <Filter>ElasticSystem</Filter>
    </ClInclude>
    <ClInclude Include="..\..\src\Task\ElasticSystem\VectorFunctors.h">
      <Filter>ElasticSystem</Filter>
    </ClInclude>
    <ClInclude Include="..\..\src\Task\ElasticVolumeMesh\Local\ElasticVolumeMesh.h">
      <Filter>ElasticVolumeMesh\Local</Filter>
    </ClInclude>
    <ClInclude Include="..\..\src\Task\ElasticVolumeMesh\Distributed\DistributedElasticVolumeMesh.h">
      <Filter>ElasticVolumeMesh\Distributed</Filter>
    </ClInclude>
    <ClInclude Include="..\..\src\Task\Task\Task.h">
      <Filter>Task</Filter>
    </ClInclude>
    <ClInclude Include="..\..\src\Task\Task\SettingsParser\MeshSettingsParser.h">
      <Filter>Task\SettingsParser</Filter>
    </ClInclude>
    <ClInclude Include="..\..\src\Task\Task\SettingsParser\ParserUtil.h">
      <Filter>Task\SettingsParser</Filter>
    </ClInclude>
    <ClInclude Include="..\..\src\Task\Task\SettingsParser\ScheduleSettingsParser.h">
      <Filter>Task\SettingsParser</Filter>
    </ClInclude>
    <ClInclude Include="..\..\src\Task\Task\SettingsParser\SettingsParser.h">
      <Filter>Task\SettingsParser</Filter>
    </ClInclude>
    <ClInclude Include="..\..\src\Task\Task\SettingsParser\SnapshotSettingsParser.h">
      <Filter>Task\SettingsParser</Filter>
    </ClInclude>
    <ClInclude Include="..\..\src\Task\Task\SettingsParser\SolverSettingsParser.h">
      <Filter>Task\SettingsParser</Filter>
    </ClInclude>
    <ClInclude Include="..\..\src\Task\Task\SettingsParser\TaskSettingsParser.h">
      <Filter>Task\SettingsParser</Filter>
    </ClInclude>
    <ClInclude Include="..\..\src\Task\VolumeMethod\Spaces\FourierSpace2.h">
      <Filter>VolumeMethod\Spaces</Filter>
    </ClInclude>
    <ClInclude Include="..\..\src\Task\VolumeMethod\Spaces\LagrangeSpace.h">
      <Filter>VolumeMethod\Spaces</Filter>
    </ClInclude>
    <ClInclude Include="..\..\src\Task\VolumeMethod\Spaces\PolynomialPrecomputer.h">
      <Filter>VolumeMethod\Spaces</Filter>
    </ClInclude>
    <ClInclude Include="..\..\src\Task\VolumeMethod\Spaces\PolynomialSpace.h">
      <Filter>VolumeMethod\Spaces</Filter>
    </ClInclude>
    <ClInclude Include="..\..\src\Task\VolumeMethod\VolumeMesh\VolumeMesh.h">
      <Filter>VolumeMethod\VolumeMesh</Filter>
    </ClInclude>
    <ClInclude Include="..\..\src\Task\GeomMesh\TimeHierarchyLevelsManager.h">
      <Filter>GeomMesh</Filter>
    </ClInclude>
    <ClInclude Include="..\..\src\Task\GeomMesh\TopologyReconstructor.h">
      <Filter>GeomMesh</Filter>
    </ClInclude>
    <ClInclude Include="..\..\src\Task\GeomMesh\DisjointSetBuilder.h">
      <Filter>GeomMesh</Filter>
    </ClInclude>
    <ClInclude Include="..\..\src\Task\GeomMesh\BucketStorage.h">
      <Filter>GeomMesh</Filter>
    </ClInclude>
    <ClInclude Include="..\..\src\Task\GeomMesh\MeshIO\Local\MeshIOBase.h">
      <Filter>GeomMesh\MeshIO\Local</Filter>
    </ClInclude>
    <ClInclude Include="..\..\src\Task\GeomMesh\MeshIO\Local\MeshIO.h">
      <Filter>GeomMesh\MeshIO\Local</Filter>
    </ClInclude>
    <ClInclude Include="..\..\src\Task\GeomMesh\MeshIO\Distributed\DistributedMeshIO.h">
      <Filter>GeomMesh\MeshIO\Distributed</Filter>
    </ClInclude>
    <ClInclude Include="..\..\src\Utils\Utils.h">
      <Filter>Utils</Filter>
    </ClInclude>
    <ClInclude Include="..\..\src\Task\GeomMesh\AABBTree.h">
      <Filter>GeomMesh</Filter>
    </ClInclude>
    <ClInclude Include="..\..\src\Task\GeomMesh\MeshIO\Distributed\TransitionInfo.h">
      <Filter>GeomMesh\MeshIO\Distributed</Filter>
    </ClInclude>
    <ClInclude Include="..\..\src\Utils\Base64.h">
      <Filter>Utils</Filter>
    </ClInclude>
    <ClInclude Include="..\..\src\Task\GeomMesh\GeomMesh\GeomMeshBase.h">
      <Filter>GeomMesh\GeomMesh</Filter>
    </ClInclude>
    <ClInclude Include="..\..\src\Task\GeomMesh\GeomMesh\GeomMeshCommon.h">
      <Filter>GeomMesh\GeomMesh</Filter>
    </ClInclude>
    <ClInclude Include="..\..\src\Task\GeomMesh\GeomMesh\GeomMesh.h">
      <Filter>GeomMesh\GeomMesh</Filter>
    </ClInclude>
    <ClInclude Include="..\..\src\Task\GeomMesh\GeomMesh\AdditionalCellInfo.h">
      <Filter>GeomMesh\GeomMesh</Filter>
    </ClInclude>
    <ClInclude Include="..\..\src\Task\ElasticVolumeMesh\Distributed\DistributedElasticVolumeMeshCommon.h">
      <Filter>ElasticVolumeMesh\Distributed</Filter>
    </ClInclude>
    <ClInclude Include="..\..\src\Task\VolumeMethod\FunctionGetters\BoundaryFunctionGetter.h">
      <Filter>VolumeMethod\FunctionGetters</Filter>
    </ClInclude>
    <ClInclude Include="..\..\src\Task\VolumeMethod\FunctionGetters\GhostFunctionGetter.h">
      <Filter>VolumeMethod\FunctionGetters</Filter>
    </ClInclude>
    <ClInclude Include="..\..\src\Task\VolumeMethod\FunctionGetters\SourceFunctionGetter.h">
      <Filter>VolumeMethod\FunctionGetters</Filter>
    </ClInclude>
    <ClInclude Include="..\..\src\Task\VolumeMethod\FunctionGetters\FunctionGetters.h">
      <Filter>VolumeMethod\FunctionGetters</Filter>
    </ClInclude>
    <ClInclude Include="..\..\src\DifferentialSolvers\Solvers\RungeSolver4.h">
      <Filter>DifferentialSolvers\Solvers</Filter>
    </ClInclude>
    <ClInclude Include="..\..\src\DifferentialSolvers\Solvers\AdaptiveRKSolver.h">
      <Filter>DifferentialSolvers\Solvers</Filter>
    </ClInclude>
    <ClInclude Include="..\..\src\DifferentialSolvers\Solvers\RK2Solver.h">
      <Filter>DifferentialSolvers\Solvers</Filter>
    </ClInclude>
    <ClInclude Include="..\..\src\Task\ElasticSystem\PointSources.h">
      <Filter>ElasticSystem</Filter>
    </ClInclude>
    <ClInclude Include="..\..\src\Task\VolumeMethod\Cell.h">
      <Filter>VolumeMethod\VolumeMesh</Filter>
    </ClInclude>
    <ClInclude Include="..\..\src\Task\VolumeMethod\Spaces\BaseSpace.h">
      <Filter>VolumeMethod\Spaces</Filter>
    </ClInclude>
    <ClInclude Include="..\..\3rdparty\quadrature_integration\tetrahedron_arbq_rule.hpp">
      <Filter>3rdparty\QuadratureIntegration</Filter>
    </ClInclude>
    <ClInclude Include="..\..\3rdparty\quadrature_integration\triangle_fekete_rule.hpp">
      <Filter>3rdparty\QuadratureIntegration</Filter>
    </ClInclude>
    <ClInclude Include="..\..\3rdparty\quadrature_integration\legendre_rule.h">
      <Filter>3rdparty\QuadratureIntegration</Filter>
    </ClInclude>
    <ClInclude Include="..\..\src\Maths\QuadraturePrecomputer.h">
      <Filter>Maths</Filter>
    </ClInclude>
    <ClInclude Include="..\..\src\Task\VolumeMethod\Spaces\DubinerSpace.h">
      <Filter>VolumeMethod\Spaces</Filter>
    </ClInclude>
    <ClInclude Include="..\..\src\Task\VolumeMethod\Spaces\Decomposer.h">
      <Filter>VolumeMethod\Spaces</Filter>
    </ClInclude>
    <ClInclude Include="..\..\src\Task\Task\SettingsParser\MeshBuilderSettingsParser.h">
      <Filter>Task\SettingsParser</Filter>
    </ClInclude>
    <ClInclude Include="..\..\src\Task\Task\SettingsParser\ResultCombinerSettingsParser.h">
      <Filter>Task\SettingsParser</Filter>
    </ClInclude>
    <ClInclude Include="..\..\src\Task\VolumeMethod\Spaces\DubinerPrecomputer.h">
      <Filter>VolumeMethod\Spaces</Filter>
    </ClInclude>
    <ClInclude Include="..\..\src\IO\Vtk\BasicVtkWriter.h">
      <Filter>IO\Vtk</Filter>
    </ClInclude>
    <ClInclude Include="..\..\src\IO\Vtk\ContactVtkWriter.h">
      <Filter>IO\Vtk</Filter>
    </ClInclude>
    <ClInclude Include="..\..\src\IO\Vtk\MeshVtkWriter.h">
      <Filter>IO\Vtk</Filter>
    </ClInclude>
    <ClInclude Include="..\..\src\IO\Vtk\SnapshotVtkWriter.h">
      <Filter>IO\Vtk</Filter>
    </ClInclude>
    <ClInclude Include="..\..\src\IO\Vtk\VtkReader.h">
      <Filter>IO\Vtk</Filter>
    </ClInclude>
    <ClInclude Include="..\..\src\Task\VolumeMethod\FunctionGetters\ContactFinder.h">
      <Filter>VolumeMethod\FunctionGetters</Filter>
    </ClInclude>
    <ClInclude Include="..\..\src\Maths\Collisions.h">
      <Filter>Maths</Filter>
    </ClInclude>
    <ClInclude Include="..\..\src\IO\Segy\SegySeismo.h">
      <Filter>3rdparty\Segy</Filter>
    </ClInclude>
    <ClInclude Include="..\..\src\IO\Vtk\CellInfoVtkWriter.h">
      <Filter>IO\Vtk</Filter>
    </ClInclude>
    <ClInclude Include="..\..\src\Task\GeomMesh\NodeGroupManager.h">
      <Filter>GeomMesh</Filter>
    </ClInclude>
  </ItemGroup>
  <ItemGroup>
    <None Include="..\..\src\Task\ElasticSystem\ElasticSystem.inl">
      <Filter>ElasticSystem</Filter>
    </None>
    <None Include="..\..\src\Task\ElasticVolumeMesh\Local\ElasticVolumeMesh2.inl">
      <Filter>ElasticVolumeMesh\Local</Filter>
    </None>
    <None Include="..\..\src\Task\ElasticVolumeMesh\Local\ElasticVolumeMesh3.inl">
      <Filter>ElasticVolumeMesh\Local</Filter>
    </None>
    <None Include="..\..\src\Task\ElasticVolumeMesh\Local\ElasticVolumeMeshCommon.inl">
      <Filter>ElasticVolumeMesh\Local</Filter>
    </None>
    <None Include="..\..\src\Task\ElasticVolumeMesh\Distributed\DistributedElasticVolumeMesh2.inl">
      <Filter>ElasticVolumeMesh\Distributed</Filter>
    </None>
    <None Include="..\..\src\Task\ElasticVolumeMesh\Distributed\DistributedElasticVolumeMesh3.inl">
      <Filter>ElasticVolumeMesh\Distributed</Filter>
    </None>
    <None Include="..\..\src\Task\ElasticVolumeMesh\Distributed\DistributedElasticVolumeMeshCommon.inl">
      <Filter>ElasticVolumeMesh\Distributed</Filter>
    </None>
    <None Include="..\..\src\Task\VolumeMethod\VolumeMesh\VolumeMesh2.inl">
      <Filter>VolumeMethod\VolumeMesh</Filter>
    </None>
    <None Include="..\..\src\Task\VolumeMethod\VolumeMesh\VolumeMesh3.inl">
      <Filter>VolumeMethod\VolumeMesh</Filter>
    </None>
    <None Include="..\..\src\Task\VolumeMethod\VolumeMesh\VolumeMeshCommon.inl">
      <Filter>VolumeMethod\VolumeMesh</Filter>
    </None>
    <None Include="..\..\src\Task\GeomMesh\MeshIO\Local\MeshIO2.inl">
      <Filter>GeomMesh\MeshIO\Local</Filter>
    </None>
    <None Include="..\..\src\Task\GeomMesh\MeshIO\Local\MeshIO3.inl">
      <Filter>GeomMesh\MeshIO\Local</Filter>
    </None>
    <None Include="..\..\src\Task\GeomMesh\MeshIO\Local\MeshIO.inl">
      <Filter>GeomMesh\MeshIO\Local</Filter>
    </None>
    <None Include="..\..\src\Task\GeomMesh\MeshIO\Distributed\DistributedMeshIO.inl">
      <Filter>GeomMesh\MeshIO\Distributed</Filter>
    </None>
    <None Include="..\..\src\Task\GeomMesh\GeomMesh\GeomMesh3.inl">
      <Filter>GeomMesh\GeomMesh</Filter>
    </None>
    <None Include="..\..\src\Task\GeomMesh\GeomMesh\GeomMeshCommon.inl">
      <Filter>GeomMesh\GeomMesh</Filter>
    </None>
    <None Include="..\..\src\Task\GeomMesh\GeomMesh\GeomMesh2.inl">
      <Filter>GeomMesh\GeomMesh</Filter>
    </None>
    <None Include="..\..\src\Task\GeomMesh\GeomMesh\GeomMeshBase.inl">
      <Filter>GeomMesh\GeomMesh</Filter>
    </None>
    <None Include="..\..\src\IO\Segy\SegySeismo.inl">
      <Filter>3rdparty\Segy</Filter>
    </None>
    <None Include="..\..\src\IO\Vtk\ContactVtkWriter.inl">
      <Filter>IO\Vtk</Filter>
    </None>
    <None Include="..\..\src\IO\Vtk\CellInfoVtkWriter.inl">
      <Filter>IO\Vtk</Filter>
    </None>
    <None Include="..\..\src\Task\ElasticSystem\ElasticSystemCommon.inl">
      <Filter>ElasticSystem</Filter>
    </None>
  </ItemGroup>
</Project>