<?xml version="1.0" encoding="utf-8"?>
<Project ToolsVersion="4.0" xmlns="http://schemas.microsoft.com/developer/msbuild/2003">
  <ItemGroup>
    <ClCompile Include="..\..\3rdparty\tinyxml\tinystr.cpp">
      <Filter>3rdparty\TinyXML</Filter>
    </ClCompile>
    <ClCompile Include="..\..\3rdparty\tinyxml\tinyxml.cpp">
      <Filter>3rdparty\TinyXML</Filter>
    </ClCompile>
    <ClCompile Include="..\..\3rdparty\tinyxml\tinyxmlerror.cpp">
      <Filter>3rdparty\TinyXML</Filter>
    </ClCompile>
    <ClCompile Include="..\..\3rdparty\tinyxml\tinyxmlparser.cpp">
      <Filter>3rdparty\TinyXML</Filter>
    </ClCompile>
    <ClCompile Include="..\..\src\Task\ResultCombiner\ResultCombiner.cpp" />
  </ItemGroup>
  <ItemGroup>
    <Filter Include="3rdparty">
      <UniqueIdentifier>{4a872432-c1e0-4d61-8ed7-cd911c8c264a}</UniqueIdentifier>
    </Filter>
    <Filter Include="3rdparty\TinyXML">
      <UniqueIdentifier>{2279992c-a733-4ef5-9224-0b15bf4ee153}</UniqueIdentifier>
    </Filter>
  </ItemGroup>
  <ItemGroup>
    <ClInclude Include="..\..\3rdparty\tinyxml\tinyxml.h">
      <Filter>3rdparty\TinyXML</Filter>
    </ClInclude>
    <ClInclude Include="..\..\3rdparty\tinyxml\tinystr.h">
      <Filter>3rdparty\TinyXML</Filter>
    </ClInclude>
    <ClInclude Include="..\..\src\Task\ResultCombiner\SampleIO.h" />
  </ItemGroup>
</Project>